// !$*UTF8*$!
{
	archiveVersion = 1;
	classes = {
	};
	objectVersion = 50;
	objects = {

/* Begin PBXBuildFile section */
		C6AE852E223954DF0070434C /* AppDelegate.swift in Sources */ = {isa = PBXBuildFile; fileRef = C6AE852D223954DF0070434C /* AppDelegate.swift */; };
		C6AE8530223954DF0070434C /* ViewController.swift in Sources */ = {isa = PBXBuildFile; fileRef = C6AE852F223954DF0070434C /* ViewController.swift */; };
		C6AE8533223954DF0070434C /* Main.storyboard in Resources */ = {isa = PBXBuildFile; fileRef = C6AE8531223954DF0070434C /* Main.storyboard */; };
		C6AE8535223954E00070434C /* Assets.xcassets in Resources */ = {isa = PBXBuildFile; fileRef = C6AE8534223954E00070434C /* Assets.xcassets */; };
		C6AE8538223954E00070434C /* LaunchScreen.storyboard in Resources */ = {isa = PBXBuildFile; fileRef = C6AE8536223954E00070434C /* LaunchScreen.storyboard */; };
		C6AE8543223954E10070434C /* Prueba_commitTests.swift in Sources */ = {isa = PBXBuildFile; fileRef = C6AE8542223954E10070434C /* Prueba_commitTests.swift */; };
		C6AE854E223954E10070434C /* Prueba_commitUITests.swift in Sources */ = {isa = PBXBuildFile; fileRef = C6AE854D223954E10070434C /* Prueba_commitUITests.swift */; };
/* End PBXBuildFile section */

/* Begin PBXContainerItemProxy section */
		C6AE853F223954E10070434C /* PBXContainerItemProxy */ = {
			isa = PBXContainerItemProxy;
			containerPortal = C6AE8522223954DF0070434C /* Project object */;
			proxyType = 1;
			remoteGlobalIDString = C6AE8529223954DF0070434C;
			remoteInfo = Prueba_commit;
		};
		C6AE854A223954E10070434C /* PBXContainerItemProxy */ = {
			isa = PBXContainerItemProxy;
			containerPortal = C6AE8522223954DF0070434C /* Project object */;
			proxyType = 1;
			remoteGlobalIDString = C6AE8529223954DF0070434C;
			remoteInfo = Prueba_commit;
		};
/* End PBXContainerItemProxy section */

/* Begin PBXFileReference section */
		C6AE852A223954DF0070434C /* Prueba_commit.app */ = {isa = PBXFileReference; explicitFileType = wrapper.application; includeInIndex = 0; path = Prueba_commit.app; sourceTree = BUILT_PRODUCTS_DIR; };
		C6AE852D223954DF0070434C /* AppDelegate.swift */ = {isa = PBXFileReference; lastKnownFileType = sourcecode.swift; path = AppDelegate.swift; sourceTree = "<group>"; };
		C6AE852F223954DF0070434C /* ViewController.swift */ = {isa = PBXFileReference; lastKnownFileType = sourcecode.swift; path = ViewController.swift; sourceTree = "<group>"; };
		C6AE8532223954DF0070434C /* Base */ = {isa = PBXFileReference; lastKnownFileType = file.storyboard; name = Base; path = Base.lproj/Main.storyboard; sourceTree = "<group>"; };
		C6AE8534223954E00070434C /* Assets.xcassets */ = {isa = PBXFileReference; lastKnownFileType = folder.assetcatalog; path = Assets.xcassets; sourceTree = "<group>"; };
		C6AE8537223954E00070434C /* Base */ = {isa = PBXFileReference; lastKnownFileType = file.storyboard; name = Base; path = Base.lproj/LaunchScreen.storyboard; sourceTree = "<group>"; };
		C6AE8539223954E00070434C /* Info.plist */ = {isa = PBXFileReference; lastKnownFileType = text.plist.xml; path = Info.plist; sourceTree = "<group>"; };
		C6AE853E223954E10070434C /* Prueba_commitTests.xctest */ = {isa = PBXFileReference; explicitFileType = wrapper.cfbundle; includeInIndex = 0; path = Prueba_commitTests.xctest; sourceTree = BUILT_PRODUCTS_DIR; };
		C6AE8542223954E10070434C /* Prueba_commitTests.swift */ = {isa = PBXFileReference; lastKnownFileType = sourcecode.swift; path = Prueba_commitTests.swift; sourceTree = "<group>"; };
		C6AE8544223954E10070434C /* Info.plist */ = {isa = PBXFileReference; lastKnownFileType = text.plist.xml; path = Info.plist; sourceTree = "<group>"; };
		C6AE8549223954E10070434C /* Prueba_commitUITests.xctest */ = {isa = PBXFileReference; explicitFileType = wrapper.cfbundle; includeInIndex = 0; path = Prueba_commitUITests.xctest; sourceTree = BUILT_PRODUCTS_DIR; };
		C6AE854D223954E10070434C /* Prueba_commitUITests.swift */ = {isa = PBXFileReference; lastKnownFileType = sourcecode.swift; path = Prueba_commitUITests.swift; sourceTree = "<group>"; };
		C6AE854F223954E10070434C /* Info.plist */ = {isa = PBXFileReference; lastKnownFileType = text.plist.xml; path = Info.plist; sourceTree = "<group>"; };
/* End PBXFileReference section */

/* Begin PBXFrameworksBuildPhase section */
		C6AE8527223954DF0070434C /* Frameworks */ = {
			isa = PBXFrameworksBuildPhase;
			buildActionMask = 2147483647;
			files = (
			);
			runOnlyForDeploymentPostprocessing = 0;
		};
		C6AE853B223954E10070434C /* Frameworks */ = {
			isa = PBXFrameworksBuildPhase;
			buildActionMask = 2147483647;
			files = (
			);
			runOnlyForDeploymentPostprocessing = 0;
		};
		C6AE8546223954E10070434C /* Frameworks */ = {
			isa = PBXFrameworksBuildPhase;
			buildActionMask = 2147483647;
			files = (
			);
			runOnlyForDeploymentPostprocessing = 0;
		};
/* End PBXFrameworksBuildPhase section */

/* Begin PBXGroup section */
		C6AE8521223954DF0070434C = {
			isa = PBXGroup;
			children = (
				C6AE852C223954DF0070434C /* Prueba_commit */,
				C6AE8541223954E10070434C /* Prueba_commitTests */,
				C6AE854C223954E10070434C /* Prueba_commitUITests */,
				C6AE852B223954DF0070434C /* Products */,
			);
			sourceTree = "<group>";
		};
		C6AE852B223954DF0070434C /* Products */ = {
			isa = PBXGroup;
			children = (
				C6AE852A223954DF0070434C /* Prueba_commit.app */,
				C6AE853E223954E10070434C /* Prueba_commitTests.xctest */,
				C6AE8549223954E10070434C /* Prueba_commitUITests.xctest */,
			);
			name = Products;
			sourceTree = "<group>";
		};
		C6AE852C223954DF0070434C /* Prueba_commit */ = {
			isa = PBXGroup;
			children = (
				C6AE852D223954DF0070434C /* AppDelegate.swift */,
				C6AE852F223954DF0070434C /* ViewController.swift */,
				C6AE8531223954DF0070434C /* Main.storyboard */,
				C6AE8534223954E00070434C /* Assets.xcassets */,
				C6AE8536223954E00070434C /* LaunchScreen.storyboard */,
				C6AE8539223954E00070434C /* Info.plist */,
			);
			path = Prueba_commit;
			sourceTree = "<group>";
		};
		C6AE8541223954E10070434C /* Prueba_commitTests */ = {
			isa = PBXGroup;
			children = (
				C6AE8542223954E10070434C /* Prueba_commitTests.swift */,
				C6AE8544223954E10070434C /* Info.plist */,
			);
			path = Prueba_commitTests;
			sourceTree = "<group>";
		};
		C6AE854C223954E10070434C /* Prueba_commitUITests */ = {
			isa = PBXGroup;
			children = (
				C6AE854D223954E10070434C /* Prueba_commitUITests.swift */,
				C6AE854F223954E10070434C /* Info.plist */,
			);
			path = Prueba_commitUITests;
			sourceTree = "<group>";
		};
/* End PBXGroup section */

/* Begin PBXNativeTarget section */
		C6AE8529223954DF0070434C /* Prueba_commit */ = {
			isa = PBXNativeTarget;
			buildConfigurationList = C6AE8552223954E10070434C /* Build configuration list for PBXNativeTarget "Prueba_commit" */;
			buildPhases = (
				C6AE8526223954DF0070434C /* Sources */,
				C6AE8527223954DF0070434C /* Frameworks */,
				C6AE8528223954DF0070434C /* Resources */,
			);
			buildRules = (
			);
			dependencies = (
			);
			name = Prueba_commit;
			productName = Prueba_commit;
			productReference = C6AE852A223954DF0070434C /* Prueba_commit.app */;
			productType = "com.apple.product-type.application";
		};
		C6AE853D223954E10070434C /* Prueba_commitTests */ = {
			isa = PBXNativeTarget;
			buildConfigurationList = C6AE8555223954E10070434C /* Build configuration list for PBXNativeTarget "Prueba_commitTests" */;
			buildPhases = (
				C6AE853A223954E10070434C /* Sources */,
				C6AE853B223954E10070434C /* Frameworks */,
				C6AE853C223954E10070434C /* Resources */,
			);
			buildRules = (
			);
			dependencies = (
				C6AE8540223954E10070434C /* PBXTargetDependency */,
			);
			name = Prueba_commitTests;
			productName = Prueba_commitTests;
			productReference = C6AE853E223954E10070434C /* Prueba_commitTests.xctest */;
			productType = "com.apple.product-type.bundle.unit-test";
		};
		C6AE8548223954E10070434C /* Prueba_commitUITests */ = {
			isa = PBXNativeTarget;
			buildConfigurationList = C6AE8558223954E10070434C /* Build configuration list for PBXNativeTarget "Prueba_commitUITests" */;
			buildPhases = (
				C6AE8545223954E10070434C /* Sources */,
				C6AE8546223954E10070434C /* Frameworks */,
				C6AE8547223954E10070434C /* Resources */,
			);
			buildRules = (
			);
			dependencies = (
				C6AE854B223954E10070434C /* PBXTargetDependency */,
			);
			name = Prueba_commitUITests;
			productName = Prueba_commitUITests;
			productReference = C6AE8549223954E10070434C /* Prueba_commitUITests.xctest */;
			productType = "com.apple.product-type.bundle.ui-testing";
		};
/* End PBXNativeTarget section */

/* Begin PBXProject section */
		C6AE8522223954DF0070434C /* Project object */ = {
			isa = PBXProject;
			attributes = {
				LastSwiftUpdateCheck = 1010;
				LastUpgradeCheck = 1010;
				ORGANIZATIONNAME = "Ruben Francisco Romero Agaudo";
				TargetAttributes = {
					C6AE8529223954DF0070434C = {
						CreatedOnToolsVersion = 10.1;
					};
					C6AE853D223954E10070434C = {
						CreatedOnToolsVersion = 10.1;
						TestTargetID = C6AE8529223954DF0070434C;
					};
					C6AE8548223954E10070434C = {
						CreatedOnToolsVersion = 10.1;
						TestTargetID = C6AE8529223954DF0070434C;
					};
				};
			};
			buildConfigurationList = C6AE8525223954DF0070434C /* Build configuration list for PBXProject "Prueba_commit" */;
			compatibilityVersion = "Xcode 9.3";
			developmentRegion = en;
			hasScannedForEncodings = 0;
			knownRegions = (
				en,
				Base,
			);
			mainGroup = C6AE8521223954DF0070434C;
			productRefGroup = C6AE852B223954DF0070434C /* Products */;
			projectDirPath = "";
			projectRoot = "";
			targets = (
				C6AE8529223954DF0070434C /* Prueba_commit */,
				C6AE853D223954E10070434C /* Prueba_commitTests */,
				C6AE8548223954E10070434C /* Prueba_commitUITests */,
			);
		};
/* End PBXProject section */

/* Begin PBXResourcesBuildPhase section */
		C6AE8528223954DF0070434C /* Resources */ = {
			isa = PBXResourcesBuildPhase;
			buildActionMask = 2147483647;
			files = (
				C6AE8538223954E00070434C /* LaunchScreen.storyboard in Resources */,
				C6AE8535223954E00070434C /* Assets.xcassets in Resources */,
				C6AE8533223954DF0070434C /* Main.storyboard in Resources */,
			);
			runOnlyForDeploymentPostprocessing = 0;
		};
		C6AE853C223954E10070434C /* Resources */ = {
			isa = PBXResourcesBuildPhase;
			buildActionMask = 2147483647;
			files = (
			);
			runOnlyForDeploymentPostprocessing = 0;
		};
		C6AE8547223954E10070434C /* Resources */ = {
			isa = PBXResourcesBuildPhase;
			buildActionMask = 2147483647;
			files = (
			);
			runOnlyForDeploymentPostprocessing = 0;
		};
/* End PBXResourcesBuildPhase section */

/* Begin PBXSourcesBuildPhase section */
		C6AE8526223954DF0070434C /* Sources */ = {
			isa = PBXSourcesBuildPhase;
			buildActionMask = 2147483647;
			files = (
				C6AE8530223954DF0070434C /* ViewController.swift in Sources */,
				C6AE852E223954DF0070434C /* AppDelegate.swift in Sources */,
			);
			runOnlyForDeploymentPostprocessing = 0;
		};
		C6AE853A223954E10070434C /* Sources */ = {
			isa = PBXSourcesBuildPhase;
			buildActionMask = 2147483647;
			files = (
				C6AE8543223954E10070434C /* Prueba_commitTests.swift in Sources */,
			);
			runOnlyForDeploymentPostprocessing = 0;
		};
		C6AE8545223954E10070434C /* Sources */ = {
			isa = PBXSourcesBuildPhase;
			buildActionMask = 2147483647;
			files = (
				C6AE854E223954E10070434C /* Prueba_commitUITests.swift in Sources */,
			);
			runOnlyForDeploymentPostprocessing = 0;
		};
/* End PBXSourcesBuildPhase section */

/* Begin PBXTargetDependency section */
		C6AE8540223954E10070434C /* PBXTargetDependency */ = {
			isa = PBXTargetDependency;
			target = C6AE8529223954DF0070434C /* Prueba_commit */;
			targetProxy = C6AE853F223954E10070434C /* PBXContainerItemProxy */;
		};
		C6AE854B223954E10070434C /* PBXTargetDependency */ = {
			isa = PBXTargetDependency;
			target = C6AE8529223954DF0070434C /* Prueba_commit */;
			targetProxy = C6AE854A223954E10070434C /* PBXContainerItemProxy */;
		};
/* End PBXTargetDependency section */

/* Begin PBXVariantGroup section */
		C6AE8531223954DF0070434C /* Main.storyboard */ = {
			isa = PBXVariantGroup;
			children = (
				C6AE8532223954DF0070434C /* Base */,
			);
			name = Main.storyboard;
			sourceTree = "<group>";
		};
		C6AE8536223954E00070434C /* LaunchScreen.storyboard */ = {
			isa = PBXVariantGroup;
			children = (
				C6AE8537223954E00070434C /* Base */,
			);
			name = LaunchScreen.storyboard;
			sourceTree = "<group>";
		};
/* End PBXVariantGroup section */

/* Begin XCBuildConfiguration section */
		C6AE8550223954E10070434C /* Debug */ = {
			isa = XCBuildConfiguration;
			buildSettings = {
				ALWAYS_SEARCH_USER_PATHS = NO;
				CLANG_ANALYZER_NONNULL = YES;
				CLANG_ANALYZER_NUMBER_OBJECT_CONVERSION = YES_AGGRESSIVE;
				CLANG_CXX_LANGUAGE_STANDARD = "gnu++14";
				CLANG_CXX_LIBRARY = "libc++";
				CLANG_ENABLE_MODULES = YES;
				CLANG_ENABLE_OBJC_ARC = YES;
				CLANG_ENABLE_OBJC_WEAK = YES;
				CLANG_WARN_BLOCK_CAPTURE_AUTORELEASING = YES;
				CLANG_WARN_BOOL_CONVERSION = YES;
				CLANG_WARN_COMMA = YES;
				CLANG_WARN_CONSTANT_CONVERSION = YES;
				CLANG_WARN_DEPRECATED_OBJC_IMPLEMENTATIONS = YES;
				CLANG_WARN_DIRECT_OBJC_ISA_USAGE = YES_ERROR;
				CLANG_WARN_DOCUMENTATION_COMMENTS = YES;
				CLANG_WARN_EMPTY_BODY = YES;
				CLANG_WARN_ENUM_CONVERSION = YES;
				CLANG_WARN_INFINITE_RECURSION = YES;
				CLANG_WARN_INT_CONVERSION = YES;
				CLANG_WARN_NON_LITERAL_NULL_CONVERSION = YES;
				CLANG_WARN_OBJC_IMPLICIT_RETAIN_SELF = YES;
				CLANG_WARN_OBJC_LITERAL_CONVERSION = YES;
				CLANG_WARN_OBJC_ROOT_CLASS = YES_ERROR;
				CLANG_WARN_RANGE_LOOP_ANALYSIS = YES;
				CLANG_WARN_STRICT_PROTOTYPES = YES;
				CLANG_WARN_SUSPICIOUS_MOVE = YES;
				CLANG_WARN_UNGUARDED_AVAILABILITY = YES_AGGRESSIVE;
				CLANG_WARN_UNREACHABLE_CODE = YES;
				CLANG_WARN__DUPLICATE_METHOD_MATCH = YES;
				CODE_SIGN_IDENTITY = "iPhone Developer";
				COPY_PHASE_STRIP = NO;
				DEBUG_INFORMATION_FORMAT = dwarf;
				ENABLE_STRICT_OBJC_MSGSEND = YES;
				ENABLE_TESTABILITY = YES;
				GCC_C_LANGUAGE_STANDARD = gnu11;
				GCC_DYNAMIC_NO_PIC = NO;
				GCC_NO_COMMON_BLOCKS = YES;
				GCC_OPTIMIZATION_LEVEL = 0;
				GCC_PREPROCESSOR_DEFINITIONS = (
					"DEBUG=1",
					"$(inherited)",
				);
				GCC_WARN_64_TO_32_BIT_CONVERSION = YES;
				GCC_WARN_ABOUT_RETURN_TYPE = YES_ERROR;
				GCC_WARN_UNDECLARED_SELECTOR = YES;
				GCC_WARN_UNINITIALIZED_AUTOS = YES_AGGRESSIVE;
				GCC_WARN_UNUSED_FUNCTION = YES;
				GCC_WARN_UNUSED_VARIABLE = YES;
				IPHONEOS_DEPLOYMENT_TARGET = 12.1;
				MTL_ENABLE_DEBUG_INFO = INCLUDE_SOURCE;
				MTL_FAST_MATH = YES;
				ONLY_ACTIVE_ARCH = YES;
				SDKROOT = iphoneos;
				SWIFT_ACTIVE_COMPILATION_CONDITIONS = DEBUG;
				SWIFT_OPTIMIZATION_LEVEL = "-Onone";
			};
			name = Debug;
		};
		C6AE8551223954E10070434C /* Release */ = {
			isa = XCBuildConfiguration;
			buildSettings = {
				ALWAYS_SEARCH_USER_PATHS = NO;
				CLANG_ANALYZER_NONNULL = YES;
				CLANG_ANALYZER_NUMBER_OBJECT_CONVERSION = YES_AGGRESSIVE;
				CLANG_CXX_LANGUAGE_STANDARD = "gnu++14";
				CLANG_CXX_LIBRARY = "libc++";
				CLANG_ENABLE_MODULES = YES;
				CLANG_ENABLE_OBJC_ARC = YES;
				CLANG_ENABLE_OBJC_WEAK = YES;
				CLANG_WARN_BLOCK_CAPTURE_AUTORELEASING = YES;
				CLANG_WARN_BOOL_CONVERSION = YES;
				CLANG_WARN_COMMA = YES;
				CLANG_WARN_CONSTANT_CONVERSION = YES;
				CLANG_WARN_DEPRECATED_OBJC_IMPLEMENTATIONS = YES;
				CLANG_WARN_DIRECT_OBJC_ISA_USAGE = YES_ERROR;
				CLANG_WARN_DOCUMENTATION_COMMENTS = YES;
				CLANG_WARN_EMPTY_BODY = YES;
				CLANG_WARN_ENUM_CONVERSION = YES;
				CLANG_WARN_INFINITE_RECURSION = YES;
				CLANG_WARN_INT_CONVERSION = YES;
				CLANG_WARN_NON_LITERAL_NULL_CONVERSION = YES;
				CLANG_WARN_OBJC_IMPLICIT_RETAIN_SELF = YES;
				CLANG_WARN_OBJC_LITERAL_CONVERSION = YES;
				CLANG_WARN_OBJC_ROOT_CLASS = YES_ERROR;
				CLANG_WARN_RANGE_LOOP_ANALYSIS = YES;
				CLANG_WARN_STRICT_PROTOTYPES = YES;
				CLANG_WARN_SUSPICIOUS_MOVE = YES;
				CLANG_WARN_UNGUARDED_AVAILABILITY = YES_AGGRESSIVE;
				CLANG_WARN_UNREACHABLE_CODE = YES;
				CLANG_WARN__DUPLICATE_METHOD_MATCH = YES;
				CODE_SIGN_IDENTITY = "iPhone Developer";
				COPY_PHASE_STRIP = NO;
				DEBUG_INFORMATION_FORMAT = "dwarf-with-dsym";
				ENABLE_NS_ASSERTIONS = NO;
				ENABLE_STRICT_OBJC_MSGSEND = YES;
				GCC_C_LANGUAGE_STANDARD = gnu11;
				GCC_NO_COMMON_BLOCKS = YES;
				GCC_WARN_64_TO_32_BIT_CONVERSION = YES;
				GCC_WARN_ABOUT_RETURN_TYPE = YES_ERROR;
				GCC_WARN_UNDECLARED_SELECTOR = YES;
				GCC_WARN_UNINITIALIZED_AUTOS = YES_AGGRESSIVE;
				GCC_WARN_UNUSED_FUNCTION = YES;
				GCC_WARN_UNUSED_VARIABLE = YES;
				IPHONEOS_DEPLOYMENT_TARGET = 12.1;
				MTL_ENABLE_DEBUG_INFO = NO;
				MTL_FAST_MATH = YES;
				SDKROOT = iphoneos;
				SWIFT_COMPILATION_MODE = wholemodule;
				SWIFT_OPTIMIZATION_LEVEL = "-O";
				VALIDATE_PRODUCT = YES;
			};
			name = Release;
		};
		C6AE8553223954E10070434C /* Debug */ = {
			isa = XCBuildConfiguration;
			buildSettings = {
				ASSETCATALOG_COMPILER_APPICON_NAME = AppIcon;
				CODE_SIGN_STYLE = Automatic;
				DEVELOPMENT_TEAM = "";
				INFOPLIST_FILE = Prueba_commit/Info.plist;
				LD_RUNPATH_SEARCH_PATHS = (
					"$(inherited)",
					"@executable_path/Frameworks",
				);
				PRODUCT_BUNDLE_IDENTIFIER = "KOG.Prueba-commit";
				PRODUCT_NAME = "$(TARGET_NAME)";
				SWIFT_VERSION = 4.2;
				TARGETED_DEVICE_FAMILY = "1,2";
			};
			name = Debug;
		};
		C6AE8554223954E10070434C /* Release */ = {
			isa = XCBuildConfiguration;
			buildSettings = {
				ASSETCATALOG_COMPILER_APPICON_NAME = AppIcon;
				CODE_SIGN_STYLE = Automatic;
				DEVELOPMENT_TEAM = "";
				INFOPLIST_FILE = Prueba_commit/Info.plist;
				LD_RUNPATH_SEARCH_PATHS = (
					"$(inherited)",
					"@executable_path/Frameworks",
				);
				PRODUCT_BUNDLE_IDENTIFIER = "KOG.Prueba-commit";
				PRODUCT_NAME = "$(TARGET_NAME)";
				SWIFT_VERSION = 4.2;
				TARGETED_DEVICE_FAMILY = "1,2";
			};
			name = Release;
		};
		C6AE8556223954E10070434C /* Debug */ = {
			isa = XCBuildConfiguration;
			buildSettings = {
				ALWAYS_EMBED_SWIFT_STANDARD_LIBRARIES = YES;
				BUNDLE_LOADER = "$(TEST_HOST)";
				CODE_SIGN_STYLE = Automatic;
				INFOPLIST_FILE = Prueba_commitTests/Info.plist;
				LD_RUNPATH_SEARCH_PATHS = (
					"$(inherited)",
					"@executable_path/Frameworks",
					"@loader_path/Frameworks",
				);
				PRODUCT_BUNDLE_IDENTIFIER = "KOG.Prueba-commitTests";
				PRODUCT_NAME = "$(TARGET_NAME)";
				SWIFT_VERSION = 4.2;
				TARGETED_DEVICE_FAMILY = "1,2";
				TEST_HOST = "$(BUILT_PRODUCTS_DIR)/Prueba_commit.app/Prueba_commit";
			};
			name = Debug;
		};
		C6AE8557223954E10070434C /* Release */ = {
			isa = XCBuildConfiguration;
			buildSettings = {
				ALWAYS_EMBED_SWIFT_STANDARD_LIBRARIES = YES;
				BUNDLE_LOADER = "$(TEST_HOST)";
				CODE_SIGN_STYLE = Automatic;
				INFOPLIST_FILE = Prueba_commitTests/Info.plist;
				LD_RUNPATH_SEARCH_PATHS = (
					"$(inherited)",
					"@executable_path/Frameworks",
					"@loader_path/Frameworks",
				);
				PRODUCT_BUNDLE_IDENTIFIER = "KOG.Prueba-commitTests";
				PRODUCT_NAME = "$(TARGET_NAME)";
				SWIFT_VERSION = 4.2;
				TARGETED_DEVICE_FAMILY = "1,2";
				TEST_HOST = "$(BUILT_PRODUCTS_DIR)/Prueba_commit.app/Prueba_commit";
			};
			name = Release;
		};
		C6AE8559223954E10070434C /* Debug */ = {
			isa = XCBuildConfiguration;
			buildSettings = {
				ALWAYS_EMBED_SWIFT_STANDARD_LIBRARIES = YES;
				CODE_SIGN_STYLE = Automatic;
				INFOPLIST_FILE = Prueba_commitUITests/Info.plist;
				LD_RUNPATH_SEARCH_PATHS = (
					"$(inherited)",
					"@executable_path/Frameworks",
					"@loader_path/Frameworks",
				);
				PRODUCT_BUNDLE_IDENTIFIER = "KOG.Prueba-commitUITests";
				PRODUCT_NAME = "$(TARGET_NAME)";
				SWIFT_VERSION = 4.2;
				TARGETED_DEVICE_FAMILY = "1,2";
				TEST_TARGET_NAME = Prueba_commit;
			};
			name = Debug;
		};
		C6AE855A223954E10070434C /* Release */ = {
			isa = XCBuildConfiguration;
			buildSettings = {
				ALWAYS_EMBED_SWIFT_STANDARD_LIBRARIES = YES;
				CODE_SIGN_STYLE = Automatic;
				INFOPLIST_FILE = Prueba_commitUITests/Info.plist;
				LD_RUNPATH_SEARCH_PATHS = (
					"$(inherited)",
					"@executable_path/Frameworks",
					"@loader_path/Frameworks",
				);
				PRODUCT_BUNDLE_IDENTIFIER = "KOG.Prueba-commitUITests";
				PRODUCT_NAME = "$(TARGET_NAME)";
				SWIFT_VERSION = 4.2;
				TARGETED_DEVICE_FAMILY = "1,2";
				TEST_TARGET_NAME = Prueba_commit;
			};
			name = Release;
		};
/* End XCBuildConfiguration section */

/* Begin XCConfigurationList section */
		C6AE8525223954DF0070434C /* Build configuration list for PBXProject "Prueba_commit" */ = {
			isa = XCConfigurationList;
			buildConfigurations = (
				C6AE8550223954E10070434C /* Debug */,
				C6AE8551223954E10070434C /* Release */,
			);
			defaultConfigurationIsVisible = 0;
			defaultConfigurationName = Release;
		};
		C6AE8552223954E10070434C /* Build configuration list for PBXNativeTarget "Prueba_commit" */ = {
			isa = XCConfigurationList;
			buildConfigurations = (
				C6AE8553223954E10070434C /* Debug */,
				C6AE8554223954E10070434C /* Release */,
			);
			defaultConfigurationIsVisible = 0;
			defaultConfigurationName = Release;
		};
		C6AE8555223954E10070434C /* Build configuration list for PBXNativeTarget "Prueba_commitTests" */ = {
			isa = XCConfigurationList;
			buildConfigurations = (
				C6AE8556223954E10070434C /* Debug */,
				C6AE8557223954E10070434C /* Release */,
			);
			defaultConfigurationIsVisible = 0;
			defaultConfigurationName = Release;
		};
		C6AE8558223954E10070434C /* Build configuration list for PBXNativeTarget "Prueba_commitUITests" */ = {
			isa = XCConfigurationList;
			buildConfigurations = (
				C6AE8559223954E10070434C /* Debug */,
				C6AE855A223954E10070434C /* Release */,
			);
			defaultConfigurationIsVisible = 0;
			defaultConfigurationName = Release;
		};
/* End XCConfigurationList section */
	};
	rootObject = C6AE8522223954DF0070434C /* Project object */;
}
